
Microsoft Visual Studio Solution File, Format Version 12.00
# Visual Studio Version 17
VisualStudioVersion = 17.3.32929.385
MinimumVisualStudioVersion = 10.0.40219.1
Project("{9A19103F-16F7-4668-BE54-9A1E7A4F7556}") = "WebApplication-hw", "WebApplication-hw.csproj", "{B24A6E43-B8F9-4083-BFC2-254FA8A0FE33}"
EndProject
Project("{9A19103F-16F7-4668-BE54-9A1E7A4F7556}") = "Core", "..\Core\Core.csproj", "{77EF6491-1E95-425F-870B-9D5517ADDE4F}"
EndProject
Project("{FAE04EC0-301F-11D3-BF4B-00C04F79EFBC}") = "DataAccess", "..\DataAccess\DataAccess.csproj", "{BF6BD9C2-081F-476A-A8ED-BDFEF599A6F8}"
EndProject
Global
	GlobalSection(SolutionConfigurationPlatforms) = preSolution
		Debug|Any CPU = Debug|Any CPU
		Release|Any CPU = Release|Any CPU
	EndGlobalSection
	GlobalSection(ProjectConfigurationPlatforms) = postSolution
		{B24A6E43-B8F9-4083-BFC2-254FA8A0FE33}.Debug|Any CPU.ActiveCfg = Debug|Any CPU
		{B24A6E43-B8F9-4083-BFC2-254FA8A0FE33}.Debug|Any CPU.Build.0 = Debug|Any CPU
		{B24A6E43-B8F9-4083-BFC2-254FA8A0FE33}.Release|Any CPU.ActiveCfg = Release|Any CPU
		{B24A6E43-B8F9-4083-BFC2-254FA8A0FE33}.Release|Any CPU.Build.0 = Release|Any CPU
		{77EF6491-1E95-425F-870B-9D5517ADDE4F}.Debug|Any CPU.ActiveCfg = Debug|Any CPU
		{77EF6491-1E95-425F-870B-9D5517ADDE4F}.Debug|Any CPU.Build.0 = Debug|Any CPU
		{77EF6491-1E95-425F-870B-9D5517ADDE4F}.Release|Any CPU.ActiveCfg = Release|Any CPU
		{77EF6491-1E95-425F-870B-9D5517ADDE4F}.Release|Any CPU.Build.0 = Release|Any CPU
		{BF6BD9C2-081F-476A-A8ED-BDFEF599A6F8}.Debug|Any CPU.ActiveCfg = Debug|Any CPU
		{BF6BD9C2-081F-476A-A8ED-BDFEF599A6F8}.Debug|Any CPU.Build.0 = Debug|Any CPU
		{BF6BD9C2-081F-476A-A8ED-BDFEF599A6F8}.Release|Any CPU.ActiveCfg = Release|Any CPU
		{BF6BD9C2-081F-476A-A8ED-BDFEF599A6F8}.Release|Any CPU.Build.0 = Release|Any CPU
	EndGlobalSection
	GlobalSection(SolutionProperties) = preSolution
		HideSolutionNode = FALSE
	EndGlobalSection
	GlobalSection(ExtensibilityGlobals) = postSolution
		SolutionGuid = {E9353026-8CE3-4047-9213-FF4FE3008467}
	EndGlobalSection
EndGlobal
